// !$*UTF8*$!
{
	archiveVersion = 1;
	classes = {
	};
	objectVersion = 77;
	objects = {

/* Begin PBXContainerItemProxy section */
		27961B322DC6D6E600E0D39D /* PBXContainerItemProxy */ = {
			isa = PBXContainerItemProxy;
			containerPortal = 27961B1C2DC6D6E500E0D39D /* Project object */;
			proxyType = 1;
			remoteGlobalIDString = 27961B232DC6D6E500E0D39D;
			remoteInfo = toDoList2;
		};
		27961B3C2DC6D6E600E0D39D /* PBXContainerItemProxy */ = {
			isa = PBXContainerItemProxy;
			containerPortal = 27961B1C2DC6D6E500E0D39D /* Project object */;
			proxyType = 1;
			remoteGlobalIDString = 27961B232DC6D6E500E0D39D;
			remoteInfo = toDoList2;
		};
/* End PBXContainerItemProxy section */

/* Begin PBXFileReference section */
		27961B242DC6D6E500E0D39D /* toDoList2.app */ = {isa = PBXFileReference; explicitFileType = wrapper.application; includeInIndex = 0; path = toDoList2.app; sourceTree = BUILT_PRODUCTS_DIR; };
		27961B312DC6D6E600E0D39D /* toDoList2Tests.xctest */ = {isa = PBXFileReference; explicitFileType = wrapper.cfbundle; includeInIndex = 0; path = toDoList2Tests.xctest; sourceTree = BUILT_PRODUCTS_DIR; };
		27961B3B2DC6D6E600E0D39D /* toDoList2UITests.xctest */ = {isa = PBXFileReference; explicitFileType = wrapper.cfbundle; includeInIndex = 0; path = toDoList2UITests.xctest; sourceTree = BUILT_PRODUCTS_DIR; };
/* End PBXFileReference section */

/* Begin PBXFileSystemSynchronizedRootGroup section */
		27961B262DC6D6E500E0D39D /* toDoList2 */ = {
			isa = PBXFileSystemSynchronizedRootGroup;
			path = toDoList2;
			sourceTree = "<group>";
		};
		27961B342DC6D6E600E0D39D /* toDoList2Tests */ = {
			isa = PBXFileSystemSynchronizedRootGroup;
			path = toDoList2Tests;
			sourceTree = "<group>";
		};
		27961B3E2DC6D6E600E0D39D /* toDoList2UITests */ = {
			isa = PBXFileSystemSynchronizedRootGroup;
			path = toDoList2UITests;
			sourceTree = "<group>";
		};
/* End PBXFileSystemSynchronizedRootGroup section */

/* Begin PBXFrameworksBuildPhase section */
		27961B212DC6D6E500E0D39D /* Frameworks */ = {
			isa = PBXFrameworksBuildPhase;
			buildActionMask = 2147483647;
			files = (
			);
			runOnlyForDeploymentPostprocessing = 0;
		};
		27961B2E2DC6D6E600E0D39D /* Frameworks */ = {
			isa = PBXFrameworksBuildPhase;
			buildActionMask = 2147483647;
			files = (
			);
			runOnlyForDeploymentPostprocessing = 0;
		};
		27961B382DC6D6E600E0D39D /* Frameworks */ = {
			isa = PBXFrameworksBuildPhase;
			buildActionMask = 2147483647;
			files = (
			);
			runOnlyForDeploymentPostprocessing = 0;
		};
/* End PBXFrameworksBuildPhase section */

/* Begin PBXGroup section */
		27961B1B2DC6D6E500E0D39D = {
			isa = PBXGroup;
			children = (
				27961B262DC6D6E500E0D39D /* toDoList2 */,
				27961B342DC6D6E600E0D39D /* toDoList2Tests */,
				27961B3E2DC6D6E600E0D39D /* toDoList2UITests */,
				27961B252DC6D6E500E0D39D /* Products */,
			);
			sourceTree = "<group>";
		};
		27961B252DC6D6E500E0D39D /* Products */ = {
			isa = PBXGroup;
			children = (
				27961B242DC6D6E500E0D39D /* toDoList2.app */,
				27961B312DC6D6E600E0D39D /* toDoList2Tests.xctest */,
				27961B3B2DC6D6E600E0D39D /* toDoList2UITests.xctest */,
			);
			name = Products;
			sourceTree = "<group>";
		};
/* End PBXGroup section */

/* Begin PBXNativeTarget section */
		27961B232DC6D6E500E0D39D /* toDoList2 */ = {
			isa = PBXNativeTarget;
			buildConfigurationList = 27961B452DC6D6E600E0D39D /* Build configuration list for PBXNativeTarget "toDoList2" */;
			buildPhases = (
				27961B202DC6D6E500E0D39D /* Sources */,
				27961B212DC6D6E500E0D39D /* Frameworks */,
				27961B222DC6D6E500E0D39D /* Resources */,
			);
			buildRules = (
			);
			dependencies = (
			);
			fileSystemSynchronizedGroups = (
				27961B262DC6D6E500E0D39D /* toDoList2 */,
			);
			name = toDoList2;
			packageProductDependencies = (
			);
			productName = toDoList2;
			productReference = 27961B242DC6D6E500E0D39D /* toDoList2.app */;
			productType = "com.apple.product-type.application";
		};
		27961B302DC6D6E600E0D39D /* toDoList2Tests */ = {
			isa = PBXNativeTarget;
			buildConfigurationList = 27961B482DC6D6E600E0D39D /* Build configuration list for PBXNativeTarget "toDoList2Tests" */;
			buildPhases = (
				27961B2D2DC6D6E600E0D39D /* Sources */,
				27961B2E2DC6D6E600E0D39D /* Frameworks */,
				27961B2F2DC6D6E600E0D39D /* Resources */,
			);
			buildRules = (
			);
			dependencies = (
				27961B332DC6D6E600E0D39D /* PBXTargetDependency */,
			);
			fileSystemSynchronizedGroups = (
				27961B342DC6D6E600E0D39D /* toDoList2Tests */,
			);
			name = toDoList2Tests;
			packageProductDependencies = (
			);
			productName = toDoList2Tests;
			productReference = 27961B312DC6D6E600E0D39D /* toDoList2Tests.xctest */;
			productType = "com.apple.product-type.bundle.unit-test";
		};
		27961B3A2DC6D6E600E0D39D /* toDoList2UITests */ = {
			isa = PBXNativeTarget;
			buildConfigurationList = 27961B4B2DC6D6E600E0D39D /* Build configuration list for PBXNativeTarget "toDoList2UITests" */;
			buildPhases = (
				27961B372DC6D6E600E0D39D /* Sources */,
				27961B382DC6D6E600E0D39D /* Frameworks */,
				27961B392DC6D6E600E0D39D /* Resources */,
			);
			buildRules = (
			);
			dependencies = (
				27961B3D2DC6D6E600E0D39D /* PBXTargetDependency */,
			);
			fileSystemSynchronizedGroups = (
				27961B3E2DC6D6E600E0D39D /* toDoList2UITests */,
			);
			name = toDoList2UITests;
			packageProductDependencies = (
			);
			productName = toDoList2UITests;
			productReference = 27961B3B2DC6D6E600E0D39D /* toDoList2UITests.xctest */;
			productType = "com.apple.product-type.bundle.ui-testing";
		};
/* End PBXNativeTarget section */

/* Begin PBXProject section */
		27961B1C2DC6D6E500E0D39D /* Project object */ = {
			isa = PBXProject;
			attributes = {
				BuildIndependentTargetsInParallel = 1;
				LastSwiftUpdateCheck = 1630;
				LastUpgradeCheck = 1630;
				TargetAttributes = {
					27961B232DC6D6E500E0D39D = {
						CreatedOnToolsVersion = 16.3;
					};
					27961B302DC6D6E600E0D39D = {
						CreatedOnToolsVersion = 16.3;
						TestTargetID = 27961B232DC6D6E500E0D39D;
					};
					27961B3A2DC6D6E600E0D39D = {
						CreatedOnToolsVersion = 16.3;
						TestTargetID = 27961B232DC6D6E500E0D39D;
					};
				};
			};
			buildConfigurationList = 27961B1F2DC6D6E500E0D39D /* Build configuration list for PBXProject "toDoList2" */;
			developmentRegion = en;
			hasScannedForEncodings = 0;
			knownRegions = (
				en,
				Base,
			);
			mainGroup = 27961B1B2DC6D6E500E0D39D;
			minimizedProjectReferenceProxies = 1;
			preferredProjectObjectVersion = 77;
			productRefGroup = 27961B252DC6D6E500E0D39D /* Products */;
			projectDirPath = "";
			projectRoot = "";
			targets = (
				27961B232DC6D6E500E0D39D /* toDoList2 */,
				27961B302DC6D6E600E0D39D /* toDoList2Tests */,
				27961B3A2DC6D6E600E0D39D /* toDoList2UITests */,
			);
		};
/* End PBXProject section */

/* Begin PBXResourcesBuildPhase section */
		27961B222DC6D6E500E0D39D /* Resources */ = {
			isa = PBXResourcesBuildPhase;
			buildActionMask = 2147483647;
			files = (
			);
			runOnlyForDeploymentPostprocessing = 0;
		};
		27961B2F2DC6D6E600E0D39D /* Resources */ = {
			isa = PBXResourcesBuildPhase;
			buildActionMask = 2147483647;
			files = (
			);
			runOnlyForDeploymentPostprocessing = 0;
		};
		27961B392DC6D6E600E0D39D /* Resources */ = {
			isa = PBXResourcesBuildPhase;
			buildActionMask = 2147483647;
			files = (
			);
			runOnlyForDeploymentPostprocessing = 0;
		};
/* End PBXResourcesBuildPhase section */

/* Begin PBXSourcesBuildPhase section */
		27961B202DC6D6E500E0D39D /* Sources */ = {
			isa = PBXSourcesBuildPhase;
			buildActionMask = 2147483647;
			files = (
			);
			runOnlyForDeploymentPostprocessing = 0;
		};
		27961B2D2DC6D6E600E0D39D /* Sources */ = {
			isa = PBXSourcesBuildPhase;
			buildActionMask = 2147483647;
			files = (
			);
			runOnlyForDeploymentPostprocessing = 0;
		};
		27961B372DC6D6E600E0D39D /* Sources */ = {
			isa = PBXSourcesBuildPhase;
			buildActionMask = 2147483647;
			files = (
			);
			runOnlyForDeploymentPostprocessing = 0;
		};
/* End PBXSourcesBuildPhase section */

/* Begin PBXTargetDependency section */
		27961B332DC6D6E600E0D39D /* PBXTargetDependency */ = {
			isa = PBXTargetDependency;
			target = 27961B232DC6D6E500E0D39D /* toDoList2 */;
			targetProxy = 27961B322DC6D6E600E0D39D /* PBXContainerItemProxy */;
		};
		27961B3D2DC6D6E600E0D39D /* PBXTargetDependency */ = {
			isa = PBXTargetDependency;
			target = 27961B232DC6D6E500E0D39D /* toDoList2 */;
			targetProxy = 27961B3C2DC6D6E600E0D39D /* PBXContainerItemProxy */;
		};
/* End PBXTargetDependency section */

/* Begin XCBuildConfiguration section */
		27961B432DC6D6E600E0D39D /* Debug */ = {
			isa = XCBuildConfiguration;
			buildSettings = {
				ALWAYS_SEARCH_USER_PATHS = NO;
				ASSETCATALOG_COMPILER_GENERATE_SWIFT_ASSET_SYMBOL_EXTENSIONS = YES;
				CLANG_ANALYZER_NONNULL = YES;
				CLANG_ANALYZER_NUMBER_OBJECT_CONVERSION = YES_AGGRESSIVE;
				CLANG_CXX_LANGUAGE_STANDARD = "gnu++20";
				CLANG_ENABLE_MODULES = YES;
				CLANG_ENABLE_OBJC_ARC = YES;
				CLANG_ENABLE_OBJC_WEAK = YES;
				CLANG_WARN_BLOCK_CAPTURE_AUTORELEASING = YES;
				CLANG_WARN_BOOL_CONVERSION = YES;
				CLANG_WARN_COMMA = YES;
				CLANG_WARN_CONSTANT_CONVERSION = YES;
				CLANG_WARN_DEPRECATED_OBJC_IMPLEMENTATIONS = YES;
				CLANG_WARN_DIRECT_OBJC_ISA_USAGE = YES_ERROR;
				CLANG_WARN_DOCUMENTATION_COMMENTS = YES;
				CLANG_WARN_EMPTY_BODY = YES;
				CLANG_WARN_ENUM_CONVERSION = YES;
				CLANG_WARN_INFINITE_RECURSION = YES;
				CLANG_WARN_INT_CONVERSION = YES;
				CLANG_WARN_NON_LITERAL_NULL_CONVERSION = YES;
				CLANG_WARN_OBJC_IMPLICIT_RETAIN_SELF = YES;
				CLANG_WARN_OBJC_LITERAL_CONVERSION = YES;
				CLANG_WARN_OBJC_ROOT_CLASS = YES_ERROR;
				CLANG_WARN_QUOTED_INCLUDE_IN_FRAMEWORK_HEADER = YES;
				CLANG_WARN_RANGE_LOOP_ANALYSIS = YES;
				CLANG_WARN_STRICT_PROTOTYPES = YES;
				CLANG_WARN_SUSPICIOUS_MOVE = YES;
				CLANG_WARN_UNGUARDED_AVAILABILITY = YES_AGGRESSIVE;
				CLANG_WARN_UNREACHABLE_CODE = YES;
				CLANG_WARN__DUPLICATE_METHOD_MATCH = YES;
				COPY_PHASE_STRIP = NO;
				DEBUG_INFORMATION_FORMAT = dwarf;
				ENABLE_STRICT_OBJC_MSGSEND = YES;
				ENABLE_TESTABILITY = YES;
				ENABLE_USER_SCRIPT_SANDBOXING = YES;
				GCC_C_LANGUAGE_STANDARD = gnu17;
				GCC_DYNAMIC_NO_PIC = NO;
				GCC_NO_COMMON_BLOCKS = YES;
				GCC_OPTIMIZATION_LEVEL = 0;
				GCC_PREPROCESSOR_DEFINITIONS = (
					"DEBUG=1",
					"$(inherited)",
				);
				GCC_WARN_64_TO_32_BIT_CONVERSION = YES;
				GCC_WARN_ABOUT_RETURN_TYPE = YES_ERROR;
				GCC_WARN_UNDECLARED_SELECTOR = YES;
				GCC_WARN_UNINITIALIZED_AUTOS = YES_AGGRESSIVE;
				GCC_WARN_UNUSED_FUNCTION = YES;
				GCC_WARN_UNUSED_VARIABLE = YES;
				IPHONEOS_DEPLOYMENT_TARGET = 18.4;
				LOCALIZATION_PREFERS_STRING_CATALOGS = YES;
				MTL_ENABLE_DEBUG_INFO = INCLUDE_SOURCE;
				MTL_FAST_MATH = YES;
				ONLY_ACTIVE_ARCH = YES;
				SDKROOT = iphoneos;
				SWIFT_ACTIVE_COMPILATION_CONDITIONS = "DEBUG $(inherited)";
				SWIFT_OPTIMIZATION_LEVEL = "-Onone";
			};
			name = Debug;
		};
		27961B442DC6D6E600E0D39D /* Release */ = {
			isa = XCBuildConfiguration;
			buildSettings = {
				ALWAYS_SEARCH_USER_PATHS = NO;
				ASSETCATALOG_COMPILER_GENERATE_SWIFT_ASSET_SYMBOL_EXTENSIONS = YES;
				CLANG_ANALYZER_NONNULL = YES;
				CLANG_ANALYZER_NUMBER_OBJECT_CONVERSION = YES_AGGRESSIVE;
				CLANG_CXX_LANGUAGE_STANDARD = "gnu++20";
				CLANG_ENABLE_MODULES = YES;
				CLANG_ENABLE_OBJC_ARC = YES;
				CLANG_ENABLE_OBJC_WEAK = YES;
				CLANG_WARN_BLOCK_CAPTURE_AUTORELEASING = YES;
				CLANG_WARN_BOOL_CONVERSION = YES;
				CLANG_WARN_COMMA = YES;
				CLANG_WARN_CONSTANT_CONVERSION = YES;
				CLANG_WARN_DEPRECATED_OBJC_IMPLEMENTATIONS = YES;
				CLANG_WARN_DIRECT_OBJC_ISA_USAGE = YES_ERROR;
				CLANG_WARN_DOCUMENTATION_COMMENTS = YES;
				CLANG_WARN_EMPTY_BODY = YES;
				CLANG_WARN_ENUM_CONVERSION = YES;
				CLANG_WARN_INFINITE_RECURSION = YES;
				CLANG_WARN_INT_CONVERSION = YES;
				CLANG_WARN_NON_LITERAL_NULL_CONVERSION = YES;
				CLANG_WARN_OBJC_IMPLICIT_RETAIN_SELF = YES;
				CLANG_WARN_OBJC_LITERAL_CONVERSION = YES;
				CLANG_WARN_OBJC_ROOT_CLASS = YES_ERROR;
				CLANG_WARN_QUOTED_INCLUDE_IN_FRAMEWORK_HEADER = YES;
				CLANG_WARN_RANGE_LOOP_ANALYSIS = YES;
				CLANG_WARN_STRICT_PROTOTYPES = YES;
				CLANG_WARN_SUSPICIOUS_MOVE = YES;
				CLANG_WARN_UNGUARDED_AVAILABILITY = YES_AGGRESSIVE;
				CLANG_WARN_UNREACHABLE_CODE = YES;
				CLANG_WARN__DUPLICATE_METHOD_MATCH = YES;
				COPY_PHASE_STRIP = NO;
				DEBUG_INFORMATION_FORMAT = "dwarf-with-dsym";
				ENABLE_NS_ASSERTIONS = NO;
				ENABLE_STRICT_OBJC_MSGSEND = YES;
				ENABLE_USER_SCRIPT_SANDBOXING = YES;
				GCC_C_LANGUAGE_STANDARD = gnu17;
				GCC_NO_COMMON_BLOCKS = YES;
				GCC_WARN_64_TO_32_BIT_CONVERSION = YES;
				GCC_WARN_ABOUT_RETURN_TYPE = YES_ERROR;
				GCC_WARN_UNDECLARED_SELECTOR = YES;
				GCC_WARN_UNINITIALIZED_AUTOS = YES_AGGRESSIVE;
				GCC_WARN_UNUSED_FUNCTION = YES;
				GCC_WARN_UNUSED_VARIABLE = YES;
				IPHONEOS_DEPLOYMENT_TARGET = 18.4;
				LOCALIZATION_PREFERS_STRING_CATALOGS = YES;
				MTL_ENABLE_DEBUG_INFO = NO;
				MTL_FAST_MATH = YES;
				SDKROOT = iphoneos;
				SWIFT_COMPILATION_MODE = wholemodule;
				VALIDATE_PRODUCT = YES;
			};
			name = Release;
		};
		27961B462DC6D6E600E0D39D /* Debug */ = {
			isa = XCBuildConfiguration;
			buildSettings = {
				ASSETCATALOG_COMPILER_APPICON_NAME = AppIcon;
				ASSETCATALOG_COMPILER_GLOBAL_ACCENT_COLOR_NAME = AccentColor;
				CODE_SIGN_STYLE = Automatic;
				CURRENT_PROJECT_VERSION = 1;
				ENABLE_PREVIEWS = YES;
				GENERATE_INFOPLIST_FILE = YES;
				INFOPLIST_KEY_UIApplicationSceneManifest_Generation = YES;
				INFOPLIST_KEY_UIApplicationSupportsIndirectInputEvents = YES;
				INFOPLIST_KEY_UILaunchScreen_Generation = YES;
				INFOPLIST_KEY_UISupportedInterfaceOrientations_iPad = "UIInterfaceOrientationPortrait UIInterfaceOrientationPortraitUpsideDown UIInterfaceOrientationLandscapeLeft UIInterfaceOrientationLandscapeRight";
				INFOPLIST_KEY_UISupportedInterfaceOrientations_iPhone = "UIInterfaceOrientationPortrait UIInterfaceOrientationLandscapeLeft UIInterfaceOrientationLandscapeRight";
				LD_RUNPATH_SEARCH_PATHS = (
					"$(inherited)",
					"@executable_path/Frameworks",
				);
				MARKETING_VERSION = 1.0;
				PRODUCT_BUNDLE_IDENTIFIER = KWK.toDoList2;
				PRODUCT_NAME = "$(TARGET_NAME)";
				SWIFT_EMIT_LOC_STRINGS = YES;
				SWIFT_VERSION = 5.0;
				TARGETED_DEVICE_FAMILY = "1,2";
			};
			name = Debug;
		};
		27961B472DC6D6E600E0D39D /* Release */ = {
			isa = XCBuildConfiguration;
			buildSettings = {
				ASSETCATALOG_COMPILER_APPICON_NAME = AppIcon;
				ASSETCATALOG_COMPILER_GLOBAL_ACCENT_COLOR_NAME = AccentColor;
				CODE_SIGN_STYLE = Automatic;
				CURRENT_PROJECT_VERSION = 1;
				ENABLE_PREVIEWS = YES;
				GENERATE_INFOPLIST_FILE = YES;
				INFOPLIST_KEY_UIApplicationSceneManifest_Generation = YES;
				INFOPLIST_KEY_UIApplicationSupportsIndirectInputEvents = YES;
				INFOPLIST_KEY_UILaunchScreen_Generation = YES;
				INFOPLIST_KEY_UISupportedInterfaceOrientations_iPad = "UIInterfaceOrientationPortrait UIInterfaceOrientationPortraitUpsideDown UIInterfaceOrientationLandscapeLeft UIInterfaceOrientationLandscapeRight";
				INFOPLIST_KEY_UISupportedInterfaceOrientations_iPhone = "UIInterfaceOrientationPortrait UIInterfaceOrientationLandscapeLeft UIInterfaceOrientationLandscapeRight";
				LD_RUNPATH_SEARCH_PATHS = (
					"$(inherited)",
					"@executable_path/Frameworks",
				);
				MARKETING_VERSION = 1.0;
				PRODUCT_BUNDLE_IDENTIFIER = KWK.toDoList2;
				PRODUCT_NAME = "$(TARGET_NAME)";
				SWIFT_EMIT_LOC_STRINGS = YES;
				SWIFT_VERSION = 5.0;
				TARGETED_DEVICE_FAMILY = "1,2";
			};
			name = Release;
		};
		27961B492DC6D6E600E0D39D /* Debug */ = {
			isa = XCBuildConfiguration;
			buildSettings = {
				BUNDLE_LOADER = "$(TEST_HOST)";
				CODE_SIGN_STYLE = Automatic;
				CURRENT_PROJECT_VERSION = 1;
				GENERATE_INFOPLIST_FILE = YES;
				IPHONEOS_DEPLOYMENT_TARGET = 18.4;
				MARKETING_VERSION = 1.0;
				PRODUCT_BUNDLE_IDENTIFIER = KWK.toDoList2Tests;
				PRODUCT_NAME = "$(TARGET_NAME)";
				SWIFT_EMIT_LOC_STRINGS = NO;
				SWIFT_VERSION = 5.0;
				TARGETED_DEVICE_FAMILY = "1,2";
				TEST_HOST = "$(BUILT_PRODUCTS_DIR)/toDoList2.app/$(BUNDLE_EXECUTABLE_FOLDER_PATH)/toDoList2";
			};
			name = Debug;
		};
		27961B4A2DC6D6E600E0D39D /* Release */ = {
			isa = XCBuildConfiguration;
			buildSettings = {
				BUNDLE_LOADER = "$(TEST_HOST)";
				CODE_SIGN_STYLE = Automatic;
				CURRENT_PROJECT_VERSION = 1;
				GENERATE_INFOPLIST_FILE = YES;
				IPHONEOS_DEPLOYMENT_TARGET = 18.4;
				MARKETING_VERSION = 1.0;
				PRODUCT_BUNDLE_IDENTIFIER = KWK.toDoList2Tests;
				PRODUCT_NAME = "$(TARGET_NAME)";
				SWIFT_EMIT_LOC_STRINGS = NO;
				SWIFT_VERSION = 5.0;
				TARGETED_DEVICE_FAMILY = "1,2";
				TEST_HOST = "$(BUILT_PRODUCTS_DIR)/toDoList2.app/$(BUNDLE_EXECUTABLE_FOLDER_PATH)/toDoList2";
			};
			name = Release;
		};
		27961B4C2DC6D6E600E0D39D /* Debug */ = {
			isa = XCBuildConfiguration;
			buildSettings = {
				CODE_SIGN_STYLE = Automatic;
				CURRENT_PROJECT_VERSION = 1;
				GENERATE_INFOPLIST_FILE = YES;
				MARKETING_VERSION = 1.0;
				PRODUCT_BUNDLE_IDENTIFIER = KWK.toDoList2UITests;
				PRODUCT_NAME = "$(TARGET_NAME)";
				SWIFT_EMIT_LOC_STRINGS = NO;
				SWIFT_VERSION = 5.0;
				TARGETED_DEVICE_FAMILY = "1,2";
				TEST_TARGET_NAME = toDoList2;
			};
			name = Debug;
		};
		27961B4D2DC6D6E600E0D39D /* Release */ = {
			isa = XCBuildConfiguration;
			buildSettings = {
				CODE_SIGN_STYLE = Automatic;
				CURRENT_PROJECT_VERSION = 1;
				GENERATE_INFOPLIST_FILE = YES;
				MARKETING_VERSION = 1.0;
				PRODUCT_BUNDLE_IDENTIFIER = KWK.toDoList2UITests;
				PRODUCT_NAME = "$(TARGET_NAME)";
				SWIFT_EMIT_LOC_STRINGS = NO;
				SWIFT_VERSION = 5.0;
				TARGETED_DEVICE_FAMILY = "1,2";
				TEST_TARGET_NAME = toDoList2;
			};
			name = Release;
		};
/* End XCBuildConfiguration section */

/* Begin XCConfigurationList section */
		27961B1F2DC6D6E500E0D39D /* Build configuration list for PBXProject "toDoList2" */ = {
			isa = XCConfigurationList;
			buildConfigurations = (
				27961B432DC6D6E600E0D39D /* Debug */,
				27961B442DC6D6E600E0D39D /* Release */,
			);
			defaultConfigurationIsVisible = 0;
			defaultConfigurationName = Release;
		};
		27961B452DC6D6E600E0D39D /* Build configuration list for PBXNativeTarget "toDoList2" */ = {
			isa = XCConfigurationList;
			buildConfigurations = (
				27961B462DC6D6E600E0D39D /* Debug */,
				27961B472DC6D6E600E0D39D /* Release */,
			);
			defaultConfigurationIsVisible = 0;
			defaultConfigurationName = Release;
		};
		27961B482DC6D6E600E0D39D /* Build configuration list for PBXNativeTarget "toDoList2Tests" */ = {
			isa = XCConfigurationList;
			buildConfigurations = (
				27961B492DC6D6E600E0D39D /* Debug */,
				27961B4A2DC6D6E600E0D39D /* Release */,
			);
			defaultConfigurationIsVisible = 0;
			defaultConfigurationName = Release;
		};
		27961B4B2DC6D6E600E0D39D /* Build configuration list for PBXNativeTarget "toDoList2UITests" */ = {
			isa = XCConfigurationList;
			buildConfigurations = (
				27961B4C2DC6D6E600E0D39D /* Debug */,
				27961B4D2DC6D6E600E0D39D /* Release */,
			);
			defaultConfigurationIsVisible = 0;
			defaultConfigurationName = Release;
		};
/* End XCConfigurationList section */
	};
	rootObject = 27961B1C2DC6D6E500E0D39D /* Project object */;
}
